{
  "name": "@archinsight/workbench",
  "version": "3.0.4",
  "lockfileVersion": 3,
  "requires": true,
  "packages": {
    "": {
      "name": "@archinsight/workbench",
      "version": "3.0.4",
      "license": "Apache-2.0",
      "dependencies": {
        "@archinsight/contracts": "file:../archinsight-contracts",
        "@archinsight/editor-support": "file:../archinsight-editor-support",
        "@insight/language": "file:../insight-language"
      },
      "peerDependencies": {
        "monaco-editor": ">=0.55.0 <0.57.0",
        "svelte": "^5.0.0"
      }
    }
  }
}
