{
  "name": "@archinsight/contracts",
  "version": "3.0.3",
  "lockfileVersion": 3,
  "requires": true,
  "packages": {
    "": {
      "name": "@archinsight/contracts",
      "version": "3.0.3",
      "license": "Apache-2.0",
      "dependencies": {
        "@insight/language": "file:../insight-language"
      }
    },
    "../insight-language": {
      "name": "@insight/language",
      "version": "3.0.3",
      "license": "Apache-2.0",
      "dependencies": {
        "antlr4ng": "^3.0.16"
      },
      "devDependencies": {
        "antlr-ng": "^1.0.10",
        "c8": "^12.0.0",
        "typescript": "^5.0.0"
      }
    },
    "node_modules/@insight/language": {
      "resolved": "../insight-language",
      "link": true
    }
  }
}
